{
  "version": 4,
  "terraform_version": "1.7.5",
  "serial": 376,
  "lineage": "c0468691-8a62-ad65-8037-91262719cd6a",
  "outputs": {},
  "resources": [
    {
      "mode": "managed",
      "type": "aws_eip",
      "name": "nat",
      "provider": "provider[\"registry.terraform.io/hashicorp/aws\"]",
      "instances": [
        {
          "schema_version": 0,
          "attributes": {
            "address": null,
            "allocation_id": "eipalloc-0201a7528f20bbe92",
            "arn": "arn:aws:ec2:eu-north-1:602664594292:elastic-ip/eipalloc-0201a7528f20bbe92",
            "associate_with_private_ip": null,
            "association_id": "eipassoc-074ddaba2c4708ee8",
            "carrier_ip": "",
            "customer_owned_ip": "",
            "customer_owned_ipv4_pool": "",
            "domain": "vpc",
            "id": "eipalloc-0201a7528f20bbe92",
            "instance": "",
            "ipam_pool_id": null,
            "network_border_group": "eu-north-1",
            "network_interface": "eni-0661ddda2b300494d",
            "private_dns": "ip-10-0-3-45.eu-north-1.compute.internal",
            "private_ip": "10.0.3.45",
            "ptr_record": "",
            "public_dns": "ec2-13-63-217-71.eu-north-1.compute.amazonaws.com",
            "public_ip": "13.63.217.71",
            "public_ipv4_pool": "amazon",
            "tags": {
              "ManagedBy": "terraform",
              "Name": "wazuh-nat-eip",
              "Project": "cloud-soc"
            },
            "tags_all": {
              "ManagedBy": "terraform",
              "Name": "wazuh-nat-eip",
              "Project": "cloud-soc"
            },
            "timeouts": null,
            "vpc": true
          },
          "sensitive_attributes": [],
          "private": "eyJlMmJmYjczMC1lY2FhLTExZTYtOGY4OC0zNDM2M2JjN2M0YzAiOnsiZGVsZXRlIjoxODAwMDAwMDAwMDAsInJlYWQiOjkwMDAwMDAwMDAwMCwidXBkYXRlIjozMDAwMDAwMDAwMDB9fQ=="
        }
      ]
    }
  ],
  "check_results": null
}
